
Microsoft Visual Studio Solution File, Format Version 12.00
# Visual Studio 2012
Project("{8BC9CEB8-8B4A-11D0-8D11-00A0C91BC942}") = "unionfs", "unionfs.vcxproj", "{EDD01469-D9EE-47F6-85CD-91369391CCC3}"
EndProject
Project("{8BC9CEB8-8B4A-11D0-8D11-00A0C91BC942}") = "unionfs-test", "unionfs-test.vcxproj", "{D66DC822-97DC-4A49-A17E-5760F44861EA}"
EndProject
Global
	GlobalSection(SolutionConfigurationPlatforms) = preSolution
		Debug|Win32 = Debug|Win32
		Release|Win32 = Release|Win32
	EndGlobalSection
	GlobalSection(ProjectConfigurationPlatforms) = postSolution
		{EDD01469-D9EE-47F6-85CD-91369391CCC3}.Debug|Win32.ActiveCfg = Debug|Win32
		{EDD01469-D9EE-47F6-85CD-91369391CCC3}.Release|Win32.ActiveCfg = Release|Win32
		{EDD01469-D9EE-47F6-85CD-91369391CCC3}.Release|Win32.Build.0 = Release|Win32
		{D66DC822-97DC-4A49-A17E-5760F44861EA}.Debug|Win32.ActiveCfg = Debug|Win32
		{D66DC822-97DC-4A49-A17E-5760F44861EA}.Debug|Win32.Build.0 = Debug|Win32
		{D66DC822-97DC-4A49-A17E-5760F44861EA}.Release|Win32.ActiveCfg = Release|Win32
		{D66DC822-97DC-4A49-A17E-5760F44861EA}.Release|Win32.Build.0 = Release|Win32
	EndGlobalSection
	GlobalSection(SolutionProperties) = preSolution
		HideSolutionNode = FALSE
	EndGlobalSection
EndGlobal
